<?xml version="1.0" encoding="utf-8"?>
<Project ToolsVersion="4.0" xmlns="http://schemas.microsoft.com/developer/msbuild/2003">
  <ItemGroup>
    <Filter Include="Source Files">
      <UniqueIdentifier>{4FC737F1-C7A5-4376-A066-2A32D752A2FF}</UniqueIdentifier>
      <Extensions>cpp;c;cc;cxx;def;odl;idl;hpj;bat;asm;asmx</Extensions>
    </Filter>
    <Filter Include="Header Files">
      <UniqueIdentifier>{93995380-89BD-4b04-88EB-625FBE52EBFB}</UniqueIdentifier>
      <Extensions>h;hh;hpp;hxx;hm;inl;inc;xsd</Extensions>
    </Filter>
    <Filter Include="Resource Files">
      <UniqueIdentifier>{67DA6AB6-F800-4c08-8B7A-83BB121AAD01}</UniqueIdentifier>
      <Extensions>rc;ico;cur;bmp;dlg;rc2;rct;bin;rgs;gif;jpg;jpeg;jpe;resx;tiff;tif;png;wav;mfcribbon-ms</Extensions>
    </Filter>
  </ItemGroup>
  <ItemGroup>
    <ClCompile Include="source\main.cpp">
      <Filter>Source Files</Filter>
    </ClCompile>
    <ClCompile Include="source\myBezierCurve.cpp">
      <Filter>Source Files</Filter>
    </ClCompile>
    <ClCompile Include="source\myDrawing.cpp">
      <Filter>Source Files</Filter>
    </ClCompile>
    <ClCompile Include="source\myElement.cpp">
      <Filter>Source Files</Filter>
    </ClCompile>
    <ClCompile Include="source\myElementContext.cpp">
      <Filter>Source Files</Filter>
    </ClCompile>
    <ClCompile Include="source\myElementFactory.cpp">
      <Filter>Source Files</Filter>
    </ClCompile>
    <ClCompile Include="source\myEntriesParser.cpp">
      <Filter>Source Files</Filter>
    </ClCompile>
    <ClCompile Include="source\myEntryFactory.cpp">
      <Filter>Source Files</Filter>
    </ClCompile>
    <ClCompile Include="source\myFileEntry.cpp">
      <Filter>Source Files</Filter>
    </ClCompile>
    <ClCompile Include="source\myFileReader.cpp">
      <Filter>Source Files</Filter>
    </ClCompile>
    <ClCompile Include="source\myPoint3D.cpp">
      <Filter>Source Files</Filter>
    </ClCompile>
    <ClCompile Include="source\myPrinter.cpp">
      <Filter>Source Files</Filter>
    </ClCompile>
    <ClCompile Include="source\myUtils.cpp">
      <Filter>Source Files</Filter>
    </ClCompile>
    <ClCompile Include="source\myMathUtils.cpp">
      <Filter>Source Files</Filter>
    </ClCompile>
  </ItemGroup>
  <ItemGroup>
    <ClInclude Include="FileLoader\myBezierCurve.h">
      <Filter>Header Files</Filter>
    </ClInclude>
    <ClInclude Include="FileLoader\myDrawing.h">
      <Filter>Header Files</Filter>
    </ClInclude>
    <ClInclude Include="FileLoader\myElement.h">
      <Filter>Header Files</Filter>
    </ClInclude>
    <ClInclude Include="FileLoader\myElementContext.h">
      <Filter>Header Files</Filter>
    </ClInclude>
    <ClInclude Include="FileLoader\myElementFactory.h">
      <Filter>Header Files</Filter>
    </ClInclude>
    <ClInclude Include="FileLoader\myEntriesParser.h">
      <Filter>Header Files</Filter>
    </ClInclude>
    <ClInclude Include="FileLoader\myEntryFactory.h">
      <Filter>Header Files</Filter>
    </ClInclude>
    <ClInclude Include="FileLoader\myFileEntry.h">
      <Filter>Header Files</Filter>
    </ClInclude>
    <ClInclude Include="FileLoader\myFileReader.h">
      <Filter>Header Files</Filter>
    </ClInclude>
    <ClInclude Include="FileLoader\myPoint3D.h">
      <Filter>Header Files</Filter>
    </ClInclude>
    <ClInclude Include="FileLoader\myPrinter.h">
      <Filter>Header Files</Filter>
    </ClInclude>
    <ClInclude Include="FileLoader\myUtils.h">
      <Filter>Header Files</Filter>
    </ClInclude>
    <ClInclude Include="FileLoader\myEnums.h">
      <Filter>Header Files</Filter>
    </ClInclude>
    <ClInclude Include="FileLoader\myMathUtils.h">
      <Filter>Header Files</Filter>
    </ClInclude>
  </ItemGroup>
</Project>